
Microsoft Visual Studio Solution File, Format Version 12.00
# Visual Studio Version 17
VisualStudioVersion = 17.3.32819.101
MinimumVisualStudioVersion = 10.0.40219.1
Project("{9A19103F-16F7-4668-BE54-9A1E7A4F7556}") = "OpenBudgeteer.Blazor", "OpenBudgeteer.Blazor\OpenBudgeteer.Blazor.csproj", "{0A5C2CAD-5438-4D2C-9C17-1ADF5C9AA9D3}"
EndProject
Project("{9A19103F-16F7-4668-BE54-9A1E7A4F7556}") = "OpenBudgeteer.Core", "OpenBudgeteer.Core\OpenBudgeteer.Core.csproj", "{B2969681-AC0D-4570-9043-46DBDAF11B18}"
EndProject
Project("{9A19103F-16F7-4668-BE54-9A1E7A4F7556}") = "OpenBudgeteer.Core.Test", "OpenBudgeteer.Core.Test\OpenBudgeteer.Core.Test.csproj", "{2AFE22D2-18FA-4326-B011-B6E3D6365E6B}"
EndProject
Project("{2150E333-8FDC-42A3-9474-1A3956D46DE8}") = "Solution Items", "Solution Items", "{86A25C9F-8B53-47CC-B032-AF705FE284A2}"
	ProjectSection(SolutionItems) = preProject
		.editorconfig = .editorconfig
	EndProjectSection
EndProject
Project("{FAE04EC0-301F-11D3-BF4B-00C04F79EFBC}") = "OpenBudgeteer.Data.Sqlite.Migrations", "OpenBudgeteer.Data.Sqlite.Migrations\OpenBudgeteer.Data.Sqlite.Migrations.csproj", "{7D6ED82D-BAE4-4BC4-AEA9-22801037C6C3}"
EndProject
Project("{FAE04EC0-301F-11D3-BF4B-00C04F79EFBC}") = "OpenBudgeteer.Data.MySql.Migrations", "OpenBudgeteer.Data.MySql.Migrations\OpenBudgeteer.Data.MySql.Migrations.csproj", "{3455E778-BED7-433F-A100-0874FF0D15C7}"
EndProject
Project("{FAE04EC0-301F-11D3-BF4B-00C04F79EFBC}") = "OpenBudgeteer.Data", "OpenBudgeteer.Data\OpenBudgeteer.Data.csproj", "{DEB5B758-7AA9-45C6-96C5-371DA35F9E5C}"
EndProject
Project("{FAE04EC0-301F-11D3-BF4B-00C04F79EFBC}") = "OpenBudgeteer.Contracts", "OpenBudgeteer.Contracts\OpenBudgeteer.Contracts.csproj", "{0AFB336B-8712-4983-A168-8547A29630B6}"
EndProject
Global
	GlobalSection(SolutionConfigurationPlatforms) = preSolution
		Debug|Any CPU = Debug|Any CPU
		Release|Any CPU = Release|Any CPU
	EndGlobalSection
	GlobalSection(ProjectConfigurationPlatforms) = postSolution
		{0A5C2CAD-5438-4D2C-9C17-1ADF5C9AA9D3}.Debug|Any CPU.ActiveCfg = Debug|Any CPU
		{0A5C2CAD-5438-4D2C-9C17-1ADF5C9AA9D3}.Debug|Any CPU.Build.0 = Debug|Any CPU
		{0A5C2CAD-5438-4D2C-9C17-1ADF5C9AA9D3}.Release|Any CPU.ActiveCfg = Release|Any CPU
		{0A5C2CAD-5438-4D2C-9C17-1ADF5C9AA9D3}.Release|Any CPU.Build.0 = Release|Any CPU
		{B2969681-AC0D-4570-9043-46DBDAF11B18}.Debug|Any CPU.ActiveCfg = Debug|Any CPU
		{B2969681-AC0D-4570-9043-46DBDAF11B18}.Debug|Any CPU.Build.0 = Debug|Any CPU
		{B2969681-AC0D-4570-9043-46DBDAF11B18}.Release|Any CPU.ActiveCfg = Release|Any CPU
		{B2969681-AC0D-4570-9043-46DBDAF11B18}.Release|Any CPU.Build.0 = Release|Any CPU
		{2AFE22D2-18FA-4326-B011-B6E3D6365E6B}.Debug|Any CPU.ActiveCfg = Debug|Any CPU
		{2AFE22D2-18FA-4326-B011-B6E3D6365E6B}.Debug|Any CPU.Build.0 = Debug|Any CPU
		{2AFE22D2-18FA-4326-B011-B6E3D6365E6B}.Release|Any CPU.ActiveCfg = Release|Any CPU
		{2AFE22D2-18FA-4326-B011-B6E3D6365E6B}.Release|Any CPU.Build.0 = Release|Any CPU
		{7D6ED82D-BAE4-4BC4-AEA9-22801037C6C3}.Debug|Any CPU.ActiveCfg = Debug|Any CPU
		{7D6ED82D-BAE4-4BC4-AEA9-22801037C6C3}.Debug|Any CPU.Build.0 = Debug|Any CPU
		{7D6ED82D-BAE4-4BC4-AEA9-22801037C6C3}.Release|Any CPU.ActiveCfg = Release|Any CPU
		{7D6ED82D-BAE4-4BC4-AEA9-22801037C6C3}.Release|Any CPU.Build.0 = Release|Any CPU
		{3455E778-BED7-433F-A100-0874FF0D15C7}.Debug|Any CPU.ActiveCfg = Debug|Any CPU
		{3455E778-BED7-433F-A100-0874FF0D15C7}.Debug|Any CPU.Build.0 = Debug|Any CPU
		{3455E778-BED7-433F-A100-0874FF0D15C7}.Release|Any CPU.ActiveCfg = Release|Any CPU
		{3455E778-BED7-433F-A100-0874FF0D15C7}.Release|Any CPU.Build.0 = Release|Any CPU
		{DEB5B758-7AA9-45C6-96C5-371DA35F9E5C}.Debug|Any CPU.ActiveCfg = Debug|Any CPU
		{DEB5B758-7AA9-45C6-96C5-371DA35F9E5C}.Debug|Any CPU.Build.0 = Debug|Any CPU
		{DEB5B758-7AA9-45C6-96C5-371DA35F9E5C}.Release|Any CPU.ActiveCfg = Release|Any CPU
		{DEB5B758-7AA9-45C6-96C5-371DA35F9E5C}.Release|Any CPU.Build.0 = Release|Any CPU
		{0AFB336B-8712-4983-A168-8547A29630B6}.Debug|Any CPU.ActiveCfg = Debug|Any CPU
		{0AFB336B-8712-4983-A168-8547A29630B6}.Debug|Any CPU.Build.0 = Debug|Any CPU
		{0AFB336B-8712-4983-A168-8547A29630B6}.Release|Any CPU.ActiveCfg = Release|Any CPU
		{0AFB336B-8712-4983-A168-8547A29630B6}.Release|Any CPU.Build.0 = Release|Any CPU
	EndGlobalSection
	GlobalSection(SolutionProperties) = preSolution
		HideSolutionNode = FALSE
	EndGlobalSection
	GlobalSection(ExtensibilityGlobals) = postSolution
		SolutionGuid = {F95D78BC-1413-4526-8D05-F39ECAA9A937}
	EndGlobalSection
EndGlobal
